<?xml version="1.0" encoding="utf-8"?>
<Project ToolsVersion="4.0" xmlns="http://schemas.microsoft.com/developer/msbuild/2003">
  <ItemGroup>
    <Filter Include="소스 파일">
      <UniqueIdentifier>{4FC737F1-C7A5-4376-A066-2A32D752A2FF}</UniqueIdentifier>
      <Extensions>cpp;c;cc;cxx;c++;cppm;ixx;def;odl;idl;hpj;bat;asm;asmx</Extensions>
    </Filter>
    <Filter Include="헤더 파일">
      <UniqueIdentifier>{93995380-89BD-4b04-88EB-625FBE52EBFB}</UniqueIdentifier>
      <Extensions>h;hh;hpp;hxx;h++;hm;inl;inc;ipp;xsd</Extensions>
    </Filter>
    <Filter Include="리소스 파일">
      <UniqueIdentifier>{67DA6AB6-F800-4c08-8B7A-83BB121AAD01}</UniqueIdentifier>
      <Extensions>rc;ico;cur;bmp;dlg;rc2;rct;bin;rgs;gif;jpg;jpeg;jpe;resx;tiff;tif;png;wav;mfcribbon-ms</Extensions>
    </Filter>
  </ItemGroup>
  <ItemGroup>
    <ClCompile Include="입출력과 사칙연산_10926.cpp">
      <Filter>소스 파일</Filter>
    </ClCompile>
    <ClCompile Include="입출력과 사칙연산_18108.cpp">
      <Filter>소스 파일</Filter>
    </ClCompile>
    <ClCompile Include="입출력과 사칙연산_10430.cpp">
      <Filter>소스 파일</Filter>
    </ClCompile>
    <ClCompile Include="입출력과 사칙연산_2588.cpp">
      <Filter>소스 파일</Filter>
    </ClCompile>
    <ClCompile Include="입출력과 사칙연산_11382.cpp">
      <Filter>소스 파일</Filter>
    </ClCompile>
    <ClCompile Include="입출력과 사칙연산_10171.cpp">
      <Filter>소스 파일</Filter>
    </ClCompile>
    <ClCompile Include="조건문_1330.cpp">
      <Filter>소스 파일</Filter>
    </ClCompile>
    <ClCompile Include="조건문_9498.cpp">
      <Filter>소스 파일</Filter>
    </ClCompile>
    <ClCompile Include="조건문_2753.cpp">
      <Filter>소스 파일</Filter>
    </ClCompile>
    <ClCompile Include="조건문_14681.cpp">
      <Filter>소스 파일</Filter>
    </ClCompile>
    <ClCompile Include="조건문_2884.cpp">
      <Filter>소스 파일</Filter>
    </ClCompile>
    <ClCompile Include="조건문_2525.cpp">
      <Filter>소스 파일</Filter>
    </ClCompile>
    <ClCompile Include="조건문_2480.cpp">
      <Filter>소스 파일</Filter>
    </ClCompile>
    <ClCompile Include="반복문_2739.cpp">
      <Filter>소스 파일</Filter>
    </ClCompile>
    <ClCompile Include="반복문_10950.cpp">
      <Filter>소스 파일</Filter>
    </ClCompile>
    <ClCompile Include="반복문_8393.cpp">
      <Filter>소스 파일</Filter>
    </ClCompile>
    <ClCompile Include="반복문_2438.cpp">
      <Filter>소스 파일</Filter>
    </ClCompile>
    <ClCompile Include="반복문_2439.cpp">
      <Filter>소스 파일</Filter>
    </ClCompile>
    <ClCompile Include="반복문_10952.cpp">
      <Filter>소스 파일</Filter>
    </ClCompile>
    <ClCompile Include="반복문_10951.cpp">
      <Filter>소스 파일</Filter>
    </ClCompile>
    <ClCompile Include="반복문_11021.cpp">
      <Filter>소스 파일</Filter>
    </ClCompile>
    <ClCompile Include="반복문_11022.cpp">
      <Filter>소스 파일</Filter>
    </ClCompile>
    <ClCompile Include="반복문_25304.cpp">
      <Filter>소스 파일</Filter>
    </ClCompile>
    <ClCompile Include="반복문_25314.cpp">
      <Filter>소스 파일</Filter>
    </ClCompile>
    <ClCompile Include="1차원 배열_10807.cpp">
      <Filter>소스 파일</Filter>
    </ClCompile>
    <ClCompile Include="1차원 배열_10871.cpp">
      <Filter>소스 파일</Filter>
    </ClCompile>
    <ClCompile Include="1차원 배열_10818.cpp">
      <Filter>소스 파일</Filter>
    </ClCompile>
    <ClCompile Include="1차원 배열_2562.cpp">
      <Filter>소스 파일</Filter>
    </ClCompile>
    <ClCompile Include="1차원 배열_10810.cpp">
      <Filter>소스 파일</Filter>
    </ClCompile>
    <ClCompile Include="음계_2920.cpp">
      <Filter>소스 파일</Filter>
    </ClCompile>
    <ClCompile Include="문자열_8958.cpp">
      <Filter>소스 파일</Filter>
    </ClCompile>
    <ClCompile Include="1차원 배열_10813.cpp">
      <Filter>소스 파일</Filter>
    </ClCompile>
    <ClCompile Include="반복문_15552.cpp">
      <Filter>소스 파일</Filter>
    </ClCompile>
    <ClCompile Include="입출력과 사칙연산_1008.cpp">
      <Filter>소스 파일</Filter>
    </ClCompile>
    <ClCompile Include="1차원 배열_5597.cpp">
      <Filter>소스 파일</Filter>
    </ClCompile>
    <ClCompile Include="문자열_11718.cpp">
      <Filter>소스 파일</Filter>
    </ClCompile>
    <ClCompile Include="1차원 배열_3052.cpp">
      <Filter>소스 파일</Filter>
    </ClCompile>
    <ClCompile Include="초코바_27959.cpp">
      <Filter>소스 파일</Filter>
    </ClCompile>
    <ClCompile Include="N찍기_2741.cpp">
      <Filter>소스 파일</Filter>
    </ClCompile>
    <ClCompile Include="기찍N_2742.cpp">
      <Filter>소스 파일</Filter>
    </ClCompile>
    <ClCompile Include="더하기 사이클_1110.cpp">
      <Filter>소스 파일</Filter>
    </ClCompile>
    <ClCompile Include="검증수_2475.cpp">
      <Filter>소스 파일</Filter>
    </ClCompile>
    <ClCompile Include="숫자의 개수_2577.cpp">
      <Filter>소스 파일</Filter>
    </ClCompile>
    <ClCompile Include="별 찍기-3_2440.cpp">
      <Filter>소스 파일</Filter>
    </ClCompile>
    <ClCompile Include="별 찍기-4_2441.cpp">
      <Filter>소스 파일</Filter>
    </ClCompile>
    <ClCompile Include="평균_1546.cpp">
      <Filter>소스 파일</Filter>
    </ClCompile>
    <ClCompile Include="입출력과 사칙연산_10172.cpp">
      <Filter>소스 파일</Filter>
    </ClCompile>
    <ClCompile Include="별 찍기-13_2523.cpp">
      <Filter>소스 파일</Filter>
    </ClCompile>
    <ClCompile Include="별 찍기-5_2442.cpp">
      <Filter>소스 파일</Filter>
    </ClCompile>
    <ClCompile Include="1차원 배열_10811.cpp">
      <Filter>소스 파일</Filter>
    </ClCompile>
    <ClCompile Include="방 번호_1475.cpp">
      <Filter>소스 파일</Filter>
    </ClCompile>
    <ClCompile Include="엄청난 부자2_1271.cpp">
      <Filter>소스 파일</Filter>
    </ClCompile>
    <ClCompile Include="Moo_1809.cpp">
      <Filter>소스 파일</Filter>
    </ClCompile>
    <ClCompile Include="긴자리 계산_2338.cpp">
      <Filter>소스 파일</Filter>
    </ClCompile>
    <ClCompile Include="사파리 월드_2420.cpp">
      <Filter>소스 파일</Filter>
    </ClCompile>
    <ClCompile Include="오늘 날짜_10699.cpp">
      <Filter>소스 파일</Filter>
    </ClCompile>
    <ClCompile Include="문자열_2908.cpp">
      <Filter>소스 파일</Filter>
    </ClCompile>
    <ClCompile Include="문자열_10809.cpp">
      <Filter>소스 파일</Filter>
    </ClCompile>
    <ClCompile Include="크냐_4101.cpp">
      <Filter>소스 파일</Filter>
    </ClCompile>
    <ClCompile Include="아_4999.cpp">
      <Filter>소스 파일</Filter>
    </ClCompile>
    <ClCompile Include="Welcome_5337.cpp">
      <Filter>소스 파일</Filter>
    </ClCompile>
    <ClCompile Include="킹, 퀸, 룩, 비숍, 나이트, 폰_3003.cpp">
      <Filter>소스 파일</Filter>
    </ClCompile>
    <ClCompile Include="마이크로소프트로고_5338.cpp">
      <Filter>소스 파일</Filter>
    </ClCompile>
    <ClCompile Include="학점 계산_2754.cpp">
      <Filter>소스 파일</Filter>
    </ClCompile>
    <ClCompile Include="스택_10828.cpp">
      <Filter>소스 파일</Filter>
    </ClCompile>
    <ClCompile Include="제로_10773.cpp">
      <Filter>소스 파일</Filter>
    </ClCompile>
    <ClCompile Include="새싹_25083.cpp">
      <Filter>소스 파일</Filter>
    </ClCompile>
    <ClCompile Include="괄호_9012.cpp">
      <Filter>소스 파일</Filter>
    </ClCompile>
    <ClCompile Include="ROOK_2393.cpp">
      <Filter>소스 파일</Filter>
    </ClCompile>
    <ClCompile Include="럭비클럽_2083.cpp">
      <Filter>소스 파일</Filter>
    </ClCompile>
    <ClCompile Include="모음의 개수_1264.cpp">
      <Filter>소스 파일</Filter>
    </ClCompile>
    <ClCompile Include="인공지능 시계_2530.cpp">
      <Filter>소스 파일</Filter>
    </ClCompile>
    <ClCompile Include="세수정렬_2752.cpp">
      <Filter>소스 파일</Filter>
    </ClCompile>
    <ClCompile Include="파티가 끝나고 난 뒤_2845.cpp">
      <Filter>소스 파일</Filter>
    </ClCompile>
    <ClCompile Include="R2.cpp">
      <Filter>소스 파일</Filter>
    </ClCompile>
    <ClCompile Include="AFC 윔블던_4299.cpp">
      <Filter>소스 파일</Filter>
    </ClCompile>
    <ClCompile Include="줄 번호_4470.cpp">
      <Filter>소스 파일</Filter>
    </ClCompile>
    <ClCompile Include="방학 숙제_5532.cpp">
      <Filter>소스 파일</Filter>
    </ClCompile>
    <ClCompile Include="상근날드_5543.cpp">
      <Filter>소스 파일</Filter>
    </ClCompile>
    <ClCompile Include="입실 관리_5524.cpp">
      <Filter>소스 파일</Filter>
    </ClCompile>
    <ClCompile Include="심부름 가는 길_5554.cpp">
      <Filter>소스 파일</Filter>
    </ClCompile>
    <ClCompile Include="시험 점수_5596.cpp">
      <Filter>소스 파일</Filter>
    </ClCompile>
    <ClCompile Include="상근이의 친구들_5717.cpp">
      <Filter>소스 파일</Filter>
    </ClCompile>
    <ClCompile Include="평균 점수_10039.cpp">
      <Filter>소스 파일</Filter>
    </ClCompile>
    <ClCompile Include="삼각형 외우기_10101.cpp">
      <Filter>소스 파일</Filter>
    </ClCompile>
    <ClCompile Include="과자_10156.cpp">
      <Filter>소스 파일</Filter>
    </ClCompile>
    <ClCompile Include="특별한 날_10768.cpp">
      <Filter>소스 파일</Filter>
    </ClCompile>
    <ClCompile Include="대소문자 바꾸기_2744.cpp">
      <Filter>소스 파일</Filter>
    </ClCompile>
    <ClCompile Include="10부제_10797.cpp">
      <Filter>소스 파일</Filter>
    </ClCompile>
    <ClCompile Include="뜨거운 붕어빵_11945.cpp">
      <Filter>소스 파일</Filter>
    </ClCompile>
    <ClCompile Include="큐 2_18258.cpp">
      <Filter>소스 파일</Filter>
    </ClCompile>
    <ClCompile Include="고려대는 사랑입니다_11942.cpp">
      <Filter>소스 파일</Filter>
    </ClCompile>
    <ClCompile Include="특별한 학교 이름_27889.cpp">
      <Filter>소스 파일</Filter>
    </ClCompile>
    <ClCompile Include="단어 공부_1157.cpp">
      <Filter>소스 파일</Filter>
    </ClCompile>
    <ClCompile Include="카드2_2164.cpp">
      <Filter>소스 파일</Filter>
    </ClCompile>
    <ClCompile Include="수 정렬하기_2750.cpp">
      <Filter>소스 파일</Filter>
    </ClCompile>
    <ClCompile Include="수 정렬하기 2_2751.cpp">
      <Filter>소스 파일</Filter>
    </ClCompile>
    <ClCompile Include="카드1_2161.cpp">
      <Filter>소스 파일</Filter>
    </ClCompile>
    <ClCompile Include="성택이의 은밀한 비밀번호_25372.cpp">
      <Filter>소스 파일</Filter>
    </ClCompile>
    <ClCompile Include="좋은 단어_3986.cpp">
      <Filter>소스 파일</Filter>
    </ClCompile>
    <ClCompile Include="큐_10845.cpp">
      <Filter>소스 파일</Filter>
    </ClCompile>
    <ClCompile Include="팩토리얼 2_27433.cpp">
      <Filter>소스 파일</Filter>
    </ClCompile>
    <ClCompile Include="피보나치 수 5_10870.cpp">
      <Filter>소스 파일</Filter>
    </ClCompile>
    <ClCompile Include="콜센터_5339.cpp">
      <Filter>소스 파일</Filter>
    </ClCompile>
    <ClCompile Include="행렬덧셈_2738.cpp">
      <Filter>소스 파일</Filter>
    </ClCompile>
    <ClCompile Include="최댓값_2566.cpp">
      <Filter>소스 파일</Filter>
    </ClCompile>
    <ClCompile Include="세로읽기_10798.cpp">
      <Filter>소스 파일</Filter>
    </ClCompile>
    <ClCompile Include="직사각형_27323.cpp">
      <Filter>소스 파일</Filter>
    </ClCompile>
    <ClCompile Include="요세푸스 문제_1158.cpp">
      <Filter>소스 파일</Filter>
    </ClCompile>
    <ClCompile Include="덩치_7568.cpp">
      <Filter>소스 파일</Filter>
    </ClCompile>
    <ClCompile Include="요세푸스 문제 0_11866.cpp">
      <Filter>소스 파일</Filter>
    </ClCompile>
    <ClCompile Include="세 수_10817.cpp">
      <Filter>소스 파일</Filter>
    </ClCompile>
    <ClCompile Include="팀 나누기_13866.cpp">
      <Filter>소스 파일</Filter>
    </ClCompile>
    <ClCompile Include="AC_5430.cpp">
      <Filter>소스 파일</Filter>
    </ClCompile>
    <ClCompile Include="덱_10866.cpp">
      <Filter>소스 파일</Filter>
    </ClCompile>
    <ClCompile Include="열 개씩 끊어서 출력하기.cpp">
      <Filter>소스 파일</Filter>
    </ClCompile>
    <ClCompile Include="나는 누구인가_15733.cpp">
      <Filter>소스 파일</Filter>
    </ClCompile>
    <ClCompile Include="새로운 시작_15962.cpp">
      <Filter>소스 파일</Filter>
    </ClCompile>
    <ClCompile Include="연세대학교_15680.cpp">
      <Filter>소스 파일</Filter>
    </ClCompile>
    <ClCompile Include="!밀비 급일_11365.cpp">
      <Filter>소스 파일</Filter>
    </ClCompile>
    <ClCompile Include="더하기_9085.cpp">
      <Filter>소스 파일</Filter>
    </ClCompile>
    <ClCompile Include="모음의 개수_10987.cpp">
      <Filter>소스 파일</Filter>
    </ClCompile>
    <ClCompile Include="CASIO_15963.cpp">
      <Filter>소스 파일</Filter>
    </ClCompile>
    <ClCompile Include="첫 글자를 대문자로_4458.cpp">
      <Filter>소스 파일</Filter>
    </ClCompile>
    <ClCompile Include="와글와글 숭고한_17388.cpp">
      <Filter>소스 파일</Filter>
    </ClCompile>
    <ClCompile Include="헛간 청약_19698.cpp">
      <Filter>소스 파일</Filter>
    </ClCompile>
    <ClCompile Include="치킨댄스를 추는 곰곰이를 본 임스_25191.cpp">
      <Filter>소스 파일</Filter>
    </ClCompile>
    <ClCompile Include="팩토리얼_10872.cpp">
      <Filter>소스 파일</Filter>
    </ClCompile>
    <ClCompile Include="등록_7287.cpp">
      <Filter>소스 파일</Filter>
    </ClCompile>
    <ClCompile Include="그대로 출력하기 2_11719.cpp">
      <Filter>소스 파일</Filter>
    </ClCompile>
    <ClCompile Include="반전 요세푸스_20301.cpp">
      <Filter>소스 파일</Filter>
    </ClCompile>
    <ClCompile Include="팬들에게 둘러싸인 홍준_14581.cpp">
      <Filter>소스 파일</Filter>
    </ClCompile>
    <ClCompile Include="조별과제를 하려는데 조장이 사라졌다_15727.cpp">
      <Filter>소스 파일</Filter>
    </ClCompile>
    <ClCompile Include="카드게임_5522.cpp">
      <Filter>소스 파일</Filter>
    </ClCompile>
    <ClCompile Include="별 찍기-6_2443.cpp">
      <Filter>소스 파일</Filter>
    </ClCompile>
    <ClCompile Include="별 찍기-7_2444.cpp">
      <Filter>소스 파일</Filter>
    </ClCompile>
    <ClCompile Include="다각형의 대각선_3049.cpp">
      <Filter>소스 파일</Filter>
    </ClCompile>
    <ClCompile Include="오각형, 오각형, 오각형…_1964.cpp">
      <Filter>소스 파일</Filter>
    </ClCompile>
    <ClCompile Include="Zadanie próbne_8545.cpp">
      <Filter>소스 파일</Filter>
    </ClCompile>
    <ClCompile Include="NFC West vs North_10170.cpp">
      <Filter>소스 파일</Filter>
    </ClCompile>
    <ClCompile Include="직사각형에서 탈출_1085.cpp">
      <Filter>소스 파일</Filter>
    </ClCompile>
    <ClCompile Include="UCPC에서 가장 쉬운 문제 번호는_25311.cpp">
      <Filter>소스 파일</Filter>
    </ClCompile>
    <ClCompile Include="별 찍기 - 12.cpp">
      <Filter>소스 파일</Filter>
    </ClCompile>
    <ClCompile Include="ACM 호텔_10250.cpp">
      <Filter>소스 파일</Filter>
    </ClCompile>
    <ClCompile Include="스타워즈 로고_9653.cpp">
      <Filter>소스 파일</Filter>
    </ClCompile>
    <ClCompile Include="피보나치 수_2747.cpp">
      <Filter>소스 파일</Filter>
    </ClCompile>
    <ClCompile Include="피보나치 수 2_2748.cpp">
      <Filter>소스 파일</Filter>
    </ClCompile>
    <ClCompile Include="나이순 정렬_10814.cpp">
      <Filter>소스 파일</Filter>
    </ClCompile>
    <ClCompile Include="홍익대학교_16394.cpp">
      <Filter>소스 파일</Filter>
    </ClCompile>
    <ClCompile Include="별 찍기 - 9_2446.cpp">
      <Filter>소스 파일</Filter>
    </ClCompile>
    <ClCompile Include="수 정렬하기 3_10989.cpp">
      <Filter>소스 파일</Filter>
    </ClCompile>
    <ClCompile Include="나는야 포켓몬 마스터 이다솜_1620.cpp">
      <Filter>소스 파일</Filter>
    </ClCompile>
    <ClCompile Include="베스트셀러_1302.cpp">
      <Filter>소스 파일</Filter>
    </ClCompile>
    <ClCompile Include="듣보잡_1764.cpp">
      <Filter>소스 파일</Filter>
    </ClCompile>
    <ClCompile Include="회사에 있는 사람_7785.cpp">
      <Filter>소스 파일</Filter>
    </ClCompile>
    <ClCompile Include="숫자 카드_10815.cpp">
      <Filter>소스 파일</Filter>
    </ClCompile>
    <ClCompile Include="정보섬의 대중교통_28113.cpp">
      <Filter>소스 파일</Filter>
    </ClCompile>
    <ClCompile Include="숫자 카드 2_10816.cpp">
      <Filter>소스 파일</Filter>
    </ClCompile>
    <ClCompile Include="수 찾기_1920.cpp">
      <Filter>소스 파일</Filter>
    </ClCompile>
    <ClCompile Include="비밀번호 찾기_17219.cpp">
      <Filter>소스 파일</Filter>
    </ClCompile>
    <ClCompile Include="균형잡힌 세상_4949.cpp">
      <Filter>소스 파일</Filter>
    </ClCompile>
    <ClCompile Include="오늘의 날짜는 _16710.cpp">
      <Filter>소스 파일</Filter>
    </ClCompile>
    <ClCompile Include="달팽이는 올라가고 싶다_2869.cpp">
      <Filter>소스 파일</Filter>
    </ClCompile>
    <ClCompile Include="암기왕_2776.cpp">
      <Filter>소스 파일</Filter>
    </ClCompile>
    <ClCompile Include="CD_4158.cpp">
      <Filter>소스 파일</Filter>
    </ClCompile>
    <ClCompile Include="인사성 밝은 곰곰이_25192.cpp">
      <Filter>소스 파일</Filter>
    </ClCompile>
    <ClCompile Include="0 not cute 1 cute_10886.cpp">
      <Filter>소스 파일</Filter>
    </ClCompile>
    <ClCompile Include="알파벳 개수_10808.cpp">
      <Filter>소스 파일</Filter>
    </ClCompile>
    <ClCompile Include="이상한 기호_15964.cpp">
      <Filter>소스 파일</Filter>
    </ClCompile>
    <ClCompile Include="한별 찍기_24900.cpp">
      <Filter>소스 파일</Filter>
    </ClCompile>
    <ClCompile Include="나부 함대 데이터_9654.cpp">
      <Filter>소스 파일</Filter>
    </ClCompile>
    <ClCompile Include="패션왕 신해빈_9375.cpp">
      <Filter>소스 파일</Filter>
    </ClCompile>
    <ClCompile Include="공_1547.cpp">
      <Filter>소스 파일</Filter>
    </ClCompile>
    <ClCompile Include="대칭 차집합_1269.cpp">
      <Filter>소스 파일</Filter>
    </ClCompile>
    <ClCompile Include="문자열 폭발_9935.cpp">
      <Filter>소스 파일</Filter>
    </ClCompile>
    <ClCompile Include="크로아티아 알파벳_2941.cpp">
      <Filter>소스 파일</Filter>
    </ClCompile>
    <ClCompile Include="카약_2890.cpp">
      <Filter>소스 파일</Filter>
    </ClCompile>
    <ClCompile Include="수 이어 쓰기 1_1748.cpp">
      <Filter>소스 파일</Filter>
    </ClCompile>
    <ClCompile Include="그룹 단어 체커_1316.cpp">
      <Filter>소스 파일</Filter>
    </ClCompile>
    <ClCompile Include="문자열 집합_14425.cpp">
      <Filter>소스 파일</Filter>
    </ClCompile>
    <ClCompile Include="쇠막대기_10799.cpp">
      <Filter>소스 파일</Filter>
    </ClCompile>
    <ClCompile Include="카드_11652.cpp">
      <Filter>소스 파일</Filter>
    </ClCompile>
    <ClCompile Include="붙임성 좋은 총총이26069.cpp">
      <Filter>소스 파일</Filter>
    </ClCompile>
    <ClCompile Include="Who is in the middle_6840.cpp">
      <Filter>소스 파일</Filter>
    </ClCompile>
    <ClCompile Include="Hello Judge_9316.cpp">
      <Filter>소스 파일</Filter>
    </ClCompile>
    <ClCompile Include="서로 다른 부분 문자열의 개수_11478.cpp">
      <Filter>소스 파일</Filter>
    </ClCompile>
    <ClCompile Include="대표값2_2587.cpp">
      <Filter>소스 파일</Filter>
    </ClCompile>
    <ClCompile Include="커트라인_25305.cpp">
      <Filter>소스 파일</Filter>
    </ClCompile>
    <ClCompile Include="바이러스_2606.cpp">
      <Filter>소스 파일</Filter>
    </ClCompile>
    <ClCompile Include="N번째 큰 수_2693.cpp">
      <Filter>소스 파일</Filter>
    </ClCompile>
    <ClCompile Include="영수증_5565.cpp">
      <Filter>소스 파일</Filter>
    </ClCompile>
    <ClCompile Include="좌표 정렬하기_11650.cpp">
      <Filter>소스 파일</Filter>
    </ClCompile>
    <ClCompile Include="먹을 것인가 먹힐 것인가_7795.cpp">
      <Filter>소스 파일</Filter>
    </ClCompile>
    <ClCompile Include="다이얼_5622.cpp">
      <Filter>소스 파일</Filter>
    </ClCompile>
    <ClCompile Include="영단어 암기는 괴로워_20920.cpp">
      <Filter>소스 파일</Filter>
    </ClCompile>
    <ClCompile Include="단어 정렬_1181.cpp">
      <Filter>소스 파일</Filter>
    </ClCompile>
    <ClCompile Include="막대기_17608.cpp">
      <Filter>소스 파일</Filter>
    </ClCompile>
    <ClCompile Include="팰린드롬인지 확인하기_10988.cpp">
      <Filter>소스 파일</Filter>
    </ClCompile>
    <ClCompile Include="적록색약__10026.cpp">
      <Filter>소스 파일</Filter>
    </ClCompile>
    <ClCompile Include="소트인사이드_1427.cpp">
      <Filter>소스 파일</Filter>
    </ClCompile>
    <ClCompile Include="좌표 정렬하기 2_11651.cpp">
      <Filter>소스 파일</Filter>
    </ClCompile>
    <ClCompile Include="피보나치 함수_1003.cpp">
      <Filter>소스 파일</Filter>
    </ClCompile>
    <ClCompile Include="1로 만들기_1464.cpp">
      <Filter>소스 파일</Filter>
    </ClCompile>
    <ClCompile Include="회의실 배정_1931.cpp">
      <Filter>소스 파일</Filter>
    </ClCompile>
    <ClCompile Include="1, 2, 3 더하기_9095.cpp">
      <Filter>소스 파일</Filter>
    </ClCompile>
    <ClCompile Include="2×n 타일링_11726.cpp">
      <Filter>소스 파일</Filter>
    </ClCompile>
    <ClCompile Include="집합_11723.cpp">
      <Filter>소스 파일</Filter>
    </ClCompile>
    <ClCompile Include="도영이가 만든 맛있는 음식_2961.cpp">
      <Filter>소스 파일</Filter>
    </ClCompile>
    <ClCompile Include="LCS_9251.cpp">
      <Filter>소스 파일</Filter>
    </ClCompile>
    <ClCompile Include="2×n 타일링 2_11727.cpp">
      <Filter>소스 파일</Filter>
    </ClCompile>
    <ClCompile Include="ATM_11399.cpp">
      <Filter>소스 파일</Filter>
    </ClCompile>
    <ClCompile Include="연결 요소의 개수_11724.cpp">
      <Filter>소스 파일</Filter>
    </ClCompile>
    <ClCompile Include="직각삼각형_4153.cpp">
      <Filter>소스 파일</Filter>
    </ClCompile>
    <ClCompile Include="소수 찾기_1978.cpp">
      <Filter>소스 파일</Filter>
    </ClCompile>
    <ClCompile Include="Hashing_15829.cpp">
      <Filter>소스 파일</Filter>
    </ClCompile>
    <ClCompile Include="최대공약수와 최소공배수_2609.cpp">
      <Filter>소스 파일</Filter>
    </ClCompile>
    <ClCompile Include="너의 평점은_25206.cpp">
      <Filter>소스 파일</Filter>
    </ClCompile>
    <ClCompile Include="색종이_2563.cpp">
      <Filter>소스 파일</Filter>
    </ClCompile>
    <ClCompile Include="이항 계수 1_11050.cpp">
      <Filter>소스 파일</Filter>
    </ClCompile>
    <ClCompile Include="소수 구하기_1929.cpp">
      <Filter>소스 파일</Filter>
    </ClCompile>
    <ClCompile Include="팰린드롬수_1259.cpp">
      <Filter>소스 파일</Filter>
    </ClCompile>
    <ClCompile Include="알고리즘 수업 - 피보나치 수 1_24416.cpp">
      <Filter>소스 파일</Filter>
    </ClCompile>
    <ClCompile Include="소수_2581.cpp">
      <Filter>소스 파일</Filter>
    </ClCompile>
  </ItemGroup>
</Project>