<?xml version="1.0" encoding="utf-8"?>
<Project ToolsVersion="4.0" xmlns="http://schemas.microsoft.com/developer/msbuild/2003">
  <ItemGroup>
    <Filter Include="소스 파일">
      <UniqueIdentifier>{4FC737F1-C7A5-4376-A066-2A32D752A2FF}</UniqueIdentifier>
      <Extensions>cpp;c;cc;cxx;c++;cppm;ixx;def;odl;idl;hpj;bat;asm;asmx</Extensions>
    </Filter>
    <Filter Include="헤더 파일">
      <UniqueIdentifier>{93995380-89BD-4b04-88EB-625FBE52EBFB}</UniqueIdentifier>
      <Extensions>h;hh;hpp;hxx;h++;hm;inl;inc;ipp;xsd</Extensions>
    </Filter>
    <Filter Include="리소스 파일">
      <UniqueIdentifier>{67DA6AB6-F800-4c08-8B7A-83BB121AAD01}</UniqueIdentifier>
      <Extensions>rc;ico;cur;bmp;dlg;rc2;rct;bin;rgs;gif;jpg;jpeg;jpe;resx;tiff;tif;png;wav;mfcribbon-ms</Extensions>
    </Filter>
  </ItemGroup>
  <ItemGroup>
    <ClCompile Include="입출력과 사칙연산_10926.cpp">
      <Filter>소스 파일</Filter>
    </ClCompile>
    <ClCompile Include="입출력과 사칙연산_18108.cpp">
      <Filter>소스 파일</Filter>
    </ClCompile>
    <ClCompile Include="입출력과 사칙연산_10430.cpp">
      <Filter>소스 파일</Filter>
    </ClCompile>
    <ClCompile Include="입출력과 사칙연산_2588.cpp">
      <Filter>소스 파일</Filter>
    </ClCompile>
    <ClCompile Include="입출력과 사칙연산_11382.cpp">
      <Filter>소스 파일</Filter>
    </ClCompile>
    <ClCompile Include="입출력과 사칙연산_10171.cpp">
      <Filter>소스 파일</Filter>
    </ClCompile>
    <ClCompile Include="조건문_1330.cpp">
      <Filter>소스 파일</Filter>
    </ClCompile>
    <ClCompile Include="조건문_9498.cpp">
      <Filter>소스 파일</Filter>
    </ClCompile>
    <ClCompile Include="조건문_2753.cpp">
      <Filter>소스 파일</Filter>
    </ClCompile>
    <ClCompile Include="조건문_14681.cpp">
      <Filter>소스 파일</Filter>
    </ClCompile>
    <ClCompile Include="조건문_2884.cpp">
      <Filter>소스 파일</Filter>
    </ClCompile>
    <ClCompile Include="조건문_2525.cpp">
      <Filter>소스 파일</Filter>
    </ClCompile>
    <ClCompile Include="조건문_2480.cpp">
      <Filter>소스 파일</Filter>
    </ClCompile>
    <ClCompile Include="반복문_2739.cpp">
      <Filter>소스 파일</Filter>
    </ClCompile>
    <ClCompile Include="반복문_10950.cpp">
      <Filter>소스 파일</Filter>
    </ClCompile>
    <ClCompile Include="반복문_8393.cpp">
      <Filter>소스 파일</Filter>
    </ClCompile>
    <ClCompile Include="반복문_2438.cpp">
      <Filter>소스 파일</Filter>
    </ClCompile>
    <ClCompile Include="반복문_2439.cpp">
      <Filter>소스 파일</Filter>
    </ClCompile>
    <ClCompile Include="반복문_10952.cpp">
      <Filter>소스 파일</Filter>
    </ClCompile>
    <ClCompile Include="반복문_10951.cpp">
      <Filter>소스 파일</Filter>
    </ClCompile>
    <ClCompile Include="반복문_11021.cpp">
      <Filter>소스 파일</Filter>
    </ClCompile>
    <ClCompile Include="반복문_11022.cpp">
      <Filter>소스 파일</Filter>
    </ClCompile>
    <ClCompile Include="반복문_25304.cpp">
      <Filter>소스 파일</Filter>
    </ClCompile>
    <ClCompile Include="반복문_25314.cpp">
      <Filter>소스 파일</Filter>
    </ClCompile>
    <ClCompile Include="1차원 배열_10807.cpp">
      <Filter>소스 파일</Filter>
    </ClCompile>
    <ClCompile Include="1차원 배열_10871.cpp">
      <Filter>소스 파일</Filter>
    </ClCompile>
    <ClCompile Include="1차원 배열_10818.cpp">
      <Filter>소스 파일</Filter>
    </ClCompile>
    <ClCompile Include="1차원 배열_2562.cpp">
      <Filter>소스 파일</Filter>
    </ClCompile>
    <ClCompile Include="1차원 배열_10810.cpp">
      <Filter>소스 파일</Filter>
    </ClCompile>
    <ClCompile Include="음계_2920.cpp">
      <Filter>소스 파일</Filter>
    </ClCompile>
    <ClCompile Include="문자열_8958.cpp">
      <Filter>소스 파일</Filter>
    </ClCompile>
    <ClCompile Include="1차원 배열_10813.cpp">
      <Filter>소스 파일</Filter>
    </ClCompile>
    <ClCompile Include="반복문_15552.cpp">
      <Filter>소스 파일</Filter>
    </ClCompile>
    <ClCompile Include="입출력과 사칙연산_1008.cpp">
      <Filter>소스 파일</Filter>
    </ClCompile>
    <ClCompile Include="1차원 배열_5597.cpp">
      <Filter>소스 파일</Filter>
    </ClCompile>
    <ClCompile Include="문자열_11718.cpp">
      <Filter>소스 파일</Filter>
    </ClCompile>
    <ClCompile Include="1차원 배열_3052.cpp">
      <Filter>소스 파일</Filter>
    </ClCompile>
    <ClCompile Include="초코바_27959.cpp">
      <Filter>소스 파일</Filter>
    </ClCompile>
    <ClCompile Include="N찍기_2741.cpp">
      <Filter>소스 파일</Filter>
    </ClCompile>
    <ClCompile Include="기찍N_2742.cpp">
      <Filter>소스 파일</Filter>
    </ClCompile>
    <ClCompile Include="더하기 사이클_1110.cpp">
      <Filter>소스 파일</Filter>
    </ClCompile>
    <ClCompile Include="검증수_2475.cpp">
      <Filter>소스 파일</Filter>
    </ClCompile>
    <ClCompile Include="숫자의 개수_2577.cpp">
      <Filter>소스 파일</Filter>
    </ClCompile>
    <ClCompile Include="별 찍기-3_2440.cpp">
      <Filter>소스 파일</Filter>
    </ClCompile>
    <ClCompile Include="별 찍기-4_2441.cpp">
      <Filter>소스 파일</Filter>
    </ClCompile>
    <ClCompile Include="평균_1546.cpp">
      <Filter>소스 파일</Filter>
    </ClCompile>
    <ClCompile Include="소스.cpp">
      <Filter>소스 파일</Filter>
    </ClCompile>
    <ClCompile Include="입출력과 사칙연산_10172.cpp">
      <Filter>소스 파일</Filter>
    </ClCompile>
    <ClCompile Include="별 찍기-13_2523.cpp">
      <Filter>소스 파일</Filter>
    </ClCompile>
    <ClCompile Include="별 찍기-5_2442.cpp">
      <Filter>소스 파일</Filter>
    </ClCompile>
    <ClCompile Include="1차원 배열_10811.cpp">
      <Filter>소스 파일</Filter>
    </ClCompile>
    <ClCompile Include="방 번호_1475.cpp">
      <Filter>소스 파일</Filter>
    </ClCompile>
    <ClCompile Include="엄청난 부자2_1271.cpp">
      <Filter>소스 파일</Filter>
    </ClCompile>
    <ClCompile Include="Moo_1809.cpp">
      <Filter>소스 파일</Filter>
    </ClCompile>
    <ClCompile Include="긴자리 계산_2338.cpp">
      <Filter>소스 파일</Filter>
    </ClCompile>
    <ClCompile Include="사파리 월드_2420.cpp">
      <Filter>소스 파일</Filter>
    </ClCompile>
    <ClCompile Include="오늘 날짜_10699.cpp">
      <Filter>소스 파일</Filter>
    </ClCompile>
    <ClCompile Include="문자열_2908.cpp">
      <Filter>소스 파일</Filter>
    </ClCompile>
    <ClCompile Include="문자열_10809.cpp">
      <Filter>소스 파일</Filter>
    </ClCompile>
    <ClCompile Include="크냐_4101.cpp">
      <Filter>소스 파일</Filter>
    </ClCompile>
    <ClCompile Include="아_4999.cpp">
      <Filter>소스 파일</Filter>
    </ClCompile>
    <ClCompile Include="Welcome_5337.cpp">
      <Filter>소스 파일</Filter>
    </ClCompile>
    <ClCompile Include="킹, 퀸, 룩, 비숍, 나이트, 폰_3003.cpp">
      <Filter>소스 파일</Filter>
    </ClCompile>
    <ClCompile Include="별 찍기6_2443.cpp">
      <Filter>소스 파일</Filter>
    </ClCompile>
    <ClCompile Include="마이크로소프트로고_5338.cpp">
      <Filter>소스 파일</Filter>
    </ClCompile>
    <ClCompile Include="학점 계산_2754.cpp">
      <Filter>소스 파일</Filter>
    </ClCompile>
    <ClCompile Include="스택_10828.cpp">
      <Filter>소스 파일</Filter>
    </ClCompile>
    <ClCompile Include="제로_10773.cpp">
      <Filter>소스 파일</Filter>
    </ClCompile>
    <ClCompile Include="새싹_25083.cpp">
      <Filter>소스 파일</Filter>
    </ClCompile>
    <ClCompile Include="괄호_9012.cpp">
      <Filter>소스 파일</Filter>
    </ClCompile>
    <ClCompile Include="ROOK_2393.cpp">
      <Filter>소스 파일</Filter>
    </ClCompile>
    <ClCompile Include="럭비클럽_2083.cpp">
      <Filter>소스 파일</Filter>
    </ClCompile>
    <ClCompile Include="모음의 개수_1264.cpp">
      <Filter>소스 파일</Filter>
    </ClCompile>
    <ClCompile Include="인공지능 시계_2530.cpp">
      <Filter>소스 파일</Filter>
    </ClCompile>
    <ClCompile Include="세수정렬_2752.cpp">
      <Filter>소스 파일</Filter>
    </ClCompile>
    <ClCompile Include="파티가 끝나고 난 뒤_2845.cpp">
      <Filter>소스 파일</Filter>
    </ClCompile>
    <ClCompile Include="R2.cpp">
      <Filter>소스 파일</Filter>
    </ClCompile>
    <ClCompile Include="AFC 윔블던_4299.cpp">
      <Filter>소스 파일</Filter>
    </ClCompile>
    <ClCompile Include="줄 번호_4470.cpp">
      <Filter>소스 파일</Filter>
    </ClCompile>
    <ClCompile Include="방학 숙제_5532.cpp">
      <Filter>소스 파일</Filter>
    </ClCompile>
    <ClCompile Include="상근날드_5543.cpp">
      <Filter>소스 파일</Filter>
    </ClCompile>
    <ClCompile Include="입실 관리_5524.cpp">
      <Filter>소스 파일</Filter>
    </ClCompile>
    <ClCompile Include="심부름 가는 길_5554.cpp">
      <Filter>소스 파일</Filter>
    </ClCompile>
    <ClCompile Include="시험 점수_5596.cpp">
      <Filter>소스 파일</Filter>
    </ClCompile>
    <ClCompile Include="상근이의 친구들_5717.cpp">
      <Filter>소스 파일</Filter>
    </ClCompile>
    <ClCompile Include="평균 점수_10039.cpp">
      <Filter>소스 파일</Filter>
    </ClCompile>
    <ClCompile Include="삼각형 외우기_10101.cpp">
      <Filter>소스 파일</Filter>
    </ClCompile>
    <ClCompile Include="과자_10156.cpp">
      <Filter>소스 파일</Filter>
    </ClCompile>
    <ClCompile Include="특별한 날_10768.cpp">
      <Filter>소스 파일</Filter>
    </ClCompile>
    <ClCompile Include="대소문자 바꾸기_2744.cpp">
      <Filter>소스 파일</Filter>
    </ClCompile>
    <ClCompile Include="10부제_10797.cpp">
      <Filter>소스 파일</Filter>
    </ClCompile>
    <ClCompile Include="뜨거운 붕어빵_11945.cpp">
      <Filter>소스 파일</Filter>
    </ClCompile>
    <ClCompile Include="큐 2_18258.cpp">
      <Filter>소스 파일</Filter>
    </ClCompile>
    <ClCompile Include="고려대는 사랑입니다_11942.cpp">
      <Filter>소스 파일</Filter>
    </ClCompile>
    <ClCompile Include="특별한 학교 이름_27889.cpp">
      <Filter>소스 파일</Filter>
    </ClCompile>
    <ClCompile Include="단어 공부_1157.cpp">
      <Filter>소스 파일</Filter>
    </ClCompile>
    <ClCompile Include="카드2_2164.cpp">
      <Filter>소스 파일</Filter>
    </ClCompile>
    <ClCompile Include="수 정렬하기 3_10989 다시 돌아온다.cpp">
      <Filter>소스 파일</Filter>
    </ClCompile>
    <ClCompile Include="수 정렬하기_2750.cpp">
      <Filter>소스 파일</Filter>
    </ClCompile>
    <ClCompile Include="수 정렬하기 2_2751 다시 돌아온다.cpp">
      <Filter>소스 파일</Filter>
    </ClCompile>
    <ClCompile Include="카드1_2161.cpp">
      <Filter>소스 파일</Filter>
    </ClCompile>
    <ClCompile Include="성택이의 은밀한 비밀번호_25372.cpp">
      <Filter>소스 파일</Filter>
    </ClCompile>
    <ClCompile Include="좋은 단어_3986.cpp">
      <Filter>소스 파일</Filter>
    </ClCompile>
    <ClCompile Include="큐_10845.cpp">
      <Filter>소스 파일</Filter>
    </ClCompile>
    <ClCompile Include="팩토리얼 2_27433.cpp">
      <Filter>소스 파일</Filter>
    </ClCompile>
    <ClCompile Include="피보나치 수 5_10870.cpp">
      <Filter>소스 파일</Filter>
    </ClCompile>
    <ClCompile Include="콜센터_5339.cpp">
      <Filter>소스 파일</Filter>
    </ClCompile>
    <ClCompile Include="행렬덧셈_2738.cpp">
      <Filter>소스 파일</Filter>
    </ClCompile>
    <ClCompile Include="최댓값_2566.cpp">
      <Filter>소스 파일</Filter>
    </ClCompile>
    <ClCompile Include="세로읽기_10798.cpp">
      <Filter>소스 파일</Filter>
    </ClCompile>
    <ClCompile Include="직사각형_27323.cpp">
      <Filter>소스 파일</Filter>
    </ClCompile>
    <ClCompile Include="요세푸스 문제_1158.cpp">
      <Filter>소스 파일</Filter>
    </ClCompile>
    <ClCompile Include="덩치_7568.cpp">
      <Filter>소스 파일</Filter>
    </ClCompile>
    <ClCompile Include="요세푸스 문제 0_11866.cpp">
      <Filter>소스 파일</Filter>
    </ClCompile>
    <ClCompile Include="세 수_10817.cpp">
      <Filter>소스 파일</Filter>
    </ClCompile>
  </ItemGroup>
</Project>